
Microsoft Visual Studio Solution File, Format Version 12.00
# Visual Studio Version 16
VisualStudioVersion = 16.0.31205.134
MinimumVisualStudioVersion = 10.0.40219.1
Project("{FAE04EC0-301F-11D3-BF4B-00C04F79EFBC}") = "Lab1", "Lab1\Lab1.csproj", "{F28A3904-88BD-4572-A208-482C51A841BD}"
EndProject
Project("{FAE04EC0-301F-11D3-BF4B-00C04F79EFBC}") = "Lab2", "Lab2\Lab2.csproj", "{356167DC-9648-4EB3-9BEC-DE1C0B245ACF}"
EndProject
Global
	GlobalSection(SolutionConfigurationPlatforms) = preSolution
		Debug|Any CPU = Debug|Any CPU
		Release|Any CPU = Release|Any CPU
	EndGlobalSection
	GlobalSection(ProjectConfigurationPlatforms) = postSolution
		{F28A3904-88BD-4572-A208-482C51A841BD}.Debug|Any CPU.ActiveCfg = Debug|Any CPU
		{F28A3904-88BD-4572-A208-482C51A841BD}.Debug|Any CPU.Build.0 = Debug|Any CPU
		{F28A3904-88BD-4572-A208-482C51A841BD}.Release|Any CPU.ActiveCfg = Release|Any CPU
		{F28A3904-88BD-4572-A208-482C51A841BD}.Release|Any CPU.Build.0 = Release|Any CPU
		{356167DC-9648-4EB3-9BEC-DE1C0B245ACF}.Debug|Any CPU.ActiveCfg = Debug|Any CPU
		{356167DC-9648-4EB3-9BEC-DE1C0B245ACF}.Debug|Any CPU.Build.0 = Debug|Any CPU
		{356167DC-9648-4EB3-9BEC-DE1C0B245ACF}.Release|Any CPU.ActiveCfg = Release|Any CPU
		{356167DC-9648-4EB3-9BEC-DE1C0B245ACF}.Release|Any CPU.Build.0 = Release|Any CPU
	EndGlobalSection
	GlobalSection(SolutionProperties) = preSolution
		HideSolutionNode = FALSE
	EndGlobalSection
	GlobalSection(ExtensibilityGlobals) = postSolution
		SolutionGuid = {B0D2D8BD-D02F-48DA-89F9-00634B231B93}
	EndGlobalSection
EndGlobal
